version = 1
revision = 3
requires-python = ">=3.12"

[[package]]
name = "click"
version = "8.5.0"
source = { registry = "https://pypi.org/simple" }
sdist = { url = "https://files.pythonhosted.org/packages/c7/0e/7fa0ef50764b67090eca4114772a2abf8b6148198475e54c660b97caeee6/click-8.5.0.tar.gz", hash = "sha256:ba0d2089de75ea0310e2dde03160e6ca10009947fb95a182f9b54021bb272e34", size = 382235, upload-time = "2026-08-26T13:33:14.56Z" }
wheels = [
    { url = "https://files.pythonhosted.org/packages/58/50/6c0d534c5f134586a8e1ba4e330569e32f057e33372ae556463212fb4cd3/click-8.5.0-py3-none-any.whl", hash = "sha256:255bc9599cf7748b4b1a446ccc735421bd08a2ae529a8b88597d3de5664ee360", size = 125251, upload-time = "2026-08-26T13:33:12.928Z" },
]

[[package]]
name = "cloudpickle"
version = "3.1.2"
source = { registry = "https://pypi.org/simple" }
sdist = { url = "https://files.pythonhosted.org/packages/27/fb/576f067976d320f5f0114a8d9fa1215425441bb35627b1993e5afd8111e5/cloudpickle-3.1.2.tar.gz", hash = "sha256:7fda9eb655c9c230dab534f1983763de5835249750e85fbcef43aaa30a9a2414", size = 22330, upload-time = "2025-11-03T09:25:26.604Z" }
wheels = [
    { url = "https://files.pythonhosted.org/packages/88/39/799be3f2f0f38cc727ee3b4f1445fe6d5e4133064ec2e4115069418a5bb6/cloudpickle-3.1.2-py3-none-any.whl", hash = "sha256:9acb47f6afd73f60dc1df93bb801b472f05ff42fa6c84167d25cb206be1fbf4a", size = 22228, upload-time = "2025-11-03T09:25:25.534Z" },
]

[[package]]
name = "colorama"
version = "0.4.6"
source = { registry = "https://pypi.org/simple" }
sdist = { url = "https://files.pythonhosted.org/packages/d8/53/6f443c9a4a8358a93a6792e2acffb9d9d5cb0a5cfd8802644b7b1c9a02e4/colorama-0.4.6.tar.gz", hash = "sha256:08695f5cb7ed6e0531a20572697297273c47b8cae5a63ffc6d6ed5c201be6e44", size = 27697, upload-time = "2022-10-25T02:36:22.414Z" }
wheels = [
    { url = "https://files.pythonhosted.org/packages/d1/d6/3965ed04c63042e047cb6a3e6ed1a63a35087b6a609aa3a15ed8ac56c221/colorama-0.4.6-py2.py3-none-any.whl", hash = "sha256:4f1d9991f5acc0ca119f9d443620b77f9d6b33703e51011c16baf57afb285fc6", size = 25335, upload-time = "2022-10-25T02:36:20.889Z" },
]

[[package]]
name = "defusedxml"
version = "0.7.1"
source = { registry = "https://pypi.org/simple" }
sdist = { url = "https://files.pythonhosted.org/packages/0f/d5/c66da9b79e5bdb124974bfe172b4daf3c984ebd9c2a06e2b8a4dc7331c72/defusedxml-0.7.1.tar.gz", hash = "sha256:1bb3032db185915b62d7c6209c5a8792be6a32ab2fedacc84e01b52c51aa3e69", size = 75520, upload-time = "2021-03-08T10:59:26.269Z" }
wheels = [
    { url = "https://files.pythonhosted.org/packages/07/6c/aa3f2f849e01cb6a001cd8554a88d4c77c5c1a31c95bdf1cf9301e6d9ef4/defusedxml-0.7.1-py2.py3-none-any.whl", hash = "sha256:a352e7e428770286cc899e2542b6cdaedb2b4953ff269a210103ec58f6198a61", size = 25604, upload-time = "2021-03-08T10:59:24.45Z" },
]

[[package]]
name = "joblib"
version = "1.6.0"
source = { registry = "https://pypi.org/simple" }
dependencies = [
    { name = "cloudpickle" },
]
sdist = { url = "https://files.pythonhosted.org/packages/d5/1d/537ab090f302b838943a1b56497dd53059b9a9b46a074936470173a2e207/joblib-1.6.0.tar.gz", hash = "sha256:2ccc96785b12046c08fd6d55839c12857831b54a3c1673ffadd2f04bfc4eda03", size = 327903, upload-time = "2026-08-31T09:39:04.122Z" }
wheels = [
    { url = "https://files.pythonhosted.org/packages/18/53/84099323c2ec4be98d935f63c033ac4151ee83836ca1050ede3b3aadf155/joblib-1.6.0-py3-none-any.whl", hash = "sha256:3dbbf9f6e4b592a2357b854608e980fe6390d131d7a82f011a377ef2ebef7aba", size = 306115, upload-time = "2026-08-31T09:39:02.298Z" },
]

[[package]]
name = "nltk"
version = "3.10.3"
source = { registry = "https://pypi.org/simple" }
dependencies = [
    { name = "click" },
    { name = "defusedxml" },
    { name = "joblib" },
    { name = "regex" },
    { name = "tqdm" },
]
sdist = { url = "https://files.pythonhosted.org/packages/e0/e6/fe51d2bb1a3b446f59c5c8165999a9fee208bc346af90a7cbf7657bc0d75/nltk-3.10.3.tar.gz", hash = "sha256:bb9327a461c3811c2fa4900e03840401f2126adfb30c0072827c433bd2444ea4", size = 5137152, upload-time = "2026-08-12T23:46:37.258Z" }
wheels = [
    { url = "https://files.pythonhosted.org/packages/b6/6d/ebd2af4640b12168fdf0cb74b6118df2f32a2f62ec7e0c06fbfd80706639/nltk-3.10.3-py3-none-any.whl", hash = "sha256:ff9598a8e20518ee0d557745890cc4435b9578489e2dcbc69c4f81fa060caf7c", size = 1798643, upload-time = "2026-08-12T23:44:13.478Z" },
]

[[package]]
name = "regex"
version = "2026.9.3"
source = { registry = "https://pypi.org/simple" }
sdist = { url = "https://files.pythonhosted.org/packages/19/c1/6b30b775c7bcc6cf6506a4d4741c2123e8d99cd50f3fe8cbd731f5fef526/regex-2026.9.3.tar.gz", hash = "sha256:aabd43208e335f4c3f0b56de3464b066dd425983a58f6eeb5738bcd7465403db", size = 416720, upload-time = "2026-09-01T00:53:43.821Z" }
wheels = [
    { url = "https://files.pythonhosted.org/packages/da/cb/cba530bc3b068fc337f8f455c63ef5ee91a4eb4c76ecf5998e5cef5aaa6b/regex-2026.9.3-cp312-cp312-macosx_10_13_universal2.whl", hash = "sha256:5db80d0b1c8238940b5957dd66b5c818ea40a221f6652fb717c027a562d09c77", size = 496699, upload-time = "2026-09-01T00:50:27.98Z" },
    { url = "https://files.pythonhosted.org/packages/81/39/f2e9fb6bbbc80f8bf67ad79d7e2e8866f7837d7c24c692f7faf8f1272e7e/regex-2026.9.3-cp312-cp312-macosx_10_13_x86_64.whl", hash = "sha256:35d48ce3dee087b63b15cd0a7a3110d0a76c29edbe1f2ad0520b8c4adb7cb596", size = 297018, upload-time = "2026-09-01T00:50:29.487Z" },
    { url = "https://files.pythonhosted.org/packages/a1/b6/c16ee58840baf7659def27ef6f62f3d9a9909670d3c1b4b98bb8b8ee47e2/regex-2026.9.3-cp312-cp312-macosx_11_0_arm64.whl", hash = "sha256:1f22e0d21ae7016c77175c139a7fca465b988efc1280df4816c79752068d9e2e", size = 292008, upload-time = "2026-09-01T00:50:30.929Z" },
    { url = "https://files.pythonhosted.org/packages/cb/b4/4987bf0f17604669b4ea5aef219886d0a73188c4716ff3a7d275d4d15c15/regex-2026.9.3-cp312-cp312-manylinux2014_aarch64.manylinux_2_17_aarch64.manylinux_2_28_aarch64.whl", hash = "sha256:233662cf8cfdfe3c0e58aa8f7bbefc579b5be0ac34546f123c159804179e8687", size = 796101, upload-time = "2026-09-01T00:50:32.486Z" },
    { url = "https://files.pythonhosted.org/packages/0b/95/2a9ab02a68c8a61dc0b4882ed643b1a95740d9dc291dc26c77d19af79691/regex-2026.9.3-cp312-cp312-manylinux2014_ppc64le.manylinux_2_17_ppc64le.manylinux_2_28_ppc64le.whl", hash = "sha256:7d2eed2e4d231278a2ccab3f4bfa2c1e39855f336475f7756a281d767d2b1753", size = 865435, upload-time = "2026-09-01T00:50:34.171Z" },
    { url = "https://files.pythonhosted.org/packages/04/92/0570d41559b446c97c1148cb9ebc1df09f2949b03c7c9bfee09976b3465f/regex-2026.9.3-cp312-cp312-manylinux2014_s390x.manylinux_2_17_s390x.manylinux_2_28_s390x.whl", hash = "sha256:5e674cecb61cb160be392da07fd8a71509ef927f437fbf3215432692ed385151", size = 911828, upload-time = "2026-09-01T00:50:35.72Z" },
    { url = "https://files.pythonhosted.org/packages/4b/8b/9cc6d4123033f7cb82df6cd8ce19eb0fc18a964afe060a03c9b26757c9f3/regex-2026.9.3-cp312-cp312-manylinux2014_x86_64.manylinux_2_17_x86_64.manylinux_2_28_x86_64.whl", hash = "sha256:665207e41bacd435db001099eeab44103197c2c1a729d73ade74688a905ed4ce", size = 801965, upload-time = "2026-09-01T00:50:37.701Z" },
    { url = "https://files.pythonhosted.org/packages/c9/98/39262e91aa87a67c82cbe90a0df4c3d382c7a44811fe80067904085211b4/regex-2026.9.3-cp312-cp312-manylinux_2_31_riscv64.manylinux_2_39_riscv64.whl", hash = "sha256:7a7ddc9a8ca1795166a1ca80364b8ce74187fc210e112d3fb048b711b934f36c", size = 776192, upload-time = "2026-09-01T00:50:39.57Z" },
    { url = "https://files.pythonhosted.org/packages/24/e9/3bb93fe4ee4b6f8ce7ba69b527c4a63cfa3393fc425ab26486041fe441c8/regex-2026.9.3-cp312-cp312-musllinux_1_2_aarch64.whl", hash = "sha256:e3037d02425863ce9501afbaa04ba967162810004bacde39a53ea9a5b740eb32", size = 785053, upload-time = "2026-09-01T00:50:41.156Z" },
    { url = "https://files.pythonhosted.org/packages/f9/05/31d5bc2553a700c0dfc6b5b6a13c61cdcd1210fde1e304cfa18a33f138b2/regex-2026.9.3-cp312-cp312-musllinux_1_2_ppc64le.whl", hash = "sha256:3de4eab8c763393b75bbb26f81934ab2cc8794f48f79e90622e3ab7ea57f3d14", size = 860546, upload-time = "2026-09-01T00:50:42.746Z" },
    { url = "https://files.pythonhosted.org/packages/65/a3/2e1e854d80becda0f061093805bbfc037a5849448f46d0a2b71a070d45e2/regex-2026.9.3-cp312-cp312-musllinux_1_2_riscv64.whl", hash = "sha256:98620c9c4c22568ad70f57b80527c780b6f8fd26e36507bf8e2273262a228275", size = 765841, upload-time = "2026-09-01T00:50:44.5Z" },
    { url = "https://files.pythonhosted.org/packages/6a/d6/43d02948cedde2e8476ac893ea02755ee5ee1b21c531fda92d80e114f0bc/regex-2026.9.3-cp312-cp312-musllinux_1_2_s390x.whl", hash = "sha256:0b1ba3aaaf5776de473ee16625ac60ac195abb0343afb273575a8201d99be089", size = 852147, upload-time = "2026-09-01T00:50:46.474Z" },
    { url = "https://files.pythonhosted.org/packages/21/ff/adb4e2d08afe8f4c6df004d94604257e1f72af7ba328af7715601585aba4/regex-2026.9.3-cp312-cp312-musllinux_1_2_x86_64.whl", hash = "sha256:56d8659c65166641d8f1b5efccc391c62c8a899eff4d528b981cc62b7b402a4b", size = 789761, upload-time = "2026-09-01T00:50:48.749Z" },
    { url = "https://files.pythonhosted.org/packages/c3/e1/1490d1351758e87f6e702cf2025036bdc7bc59182e2ff5c7bec004b19aed/regex-2026.9.3-cp312-cp312-win32.whl", hash = "sha256:837c1859913798d8bebcd98d4a037e113f8d79e81733009bf590e449769eecb3", size = 267150, upload-time = "2026-09-01T00:50:50.414Z" },
    { url = "https://files.pythonhosted.org/packages/d5/49/4c40cf722d84d60e807a08ef4c3f579216bf97df60c4a1b10be49655d302/regex-2026.9.3-cp312-cp312-win_amd64.whl", hash = "sha256:1ba1dbbb93c5c5629c1861763aec5bfa9f05ad24ef450694130e25029ce7bc36", size = 277773, upload-time = "2026-09-01T00:50:51.963Z" },
    { url = "https://files.pythonhosted.org/packages/aa/af/c48b3b2b4244b4b090554c78d3387e9ae7b859f3dbf7148a27d427e9e5b8/regex-2026.9.3-cp312-cp312-win_arm64.whl", hash = "sha256:d7b3a8a4bbd83ad8b29758f5d24bab10a3f2de87970db36f1e3651c733353136", size = 277122, upload-time = "2026-09-01T00:50:53.778Z" },
    { url = "https://files.pythonhosted.org/packages/9b/d8/1fb6053247efc5b5a1d7b3b7881dcf42861f8ba46bd72a2ff126469d4053/regex-2026.9.3-cp313-cp313-macosx_10_13_universal2.whl", hash = "sha256:1d9148e47cfa1a067138867996b1d5d825de0132fed8dac3c92eebaaf312d280", size = 496442, upload-time = "2026-09-01T00:50:55.351Z" },
    { url = "https://files.pythonhosted.org/packages/5b/b7/0b9c1c0385365ad12deba0bdf93a70ad9f97d1a919cc5699c33b449ad662/regex-2026.9.3-cp313-cp313-macosx_10_13_x86_64.whl", hash = "sha256:33c2860b73ea342c0a42bee9ebe3b3a0de3d68c580c4dcb52241cf4b6663731b", size = 296913, upload-time = "2026-09-01T00:50:57.251Z" },
    { url = "https://files.pythonhosted.org/packages/e6/eb/5750ebabdb010ffb0d31fceae68c7a8f3876c06140c3bd6a7feff6240d6d/regex-2026.9.3-cp313-cp313-macosx_11_0_arm64.whl", hash = "sha256:e33dfc13c02d9c4e55bcf3f3b2eb448537823a6f6f30bf737b2974b63a530bc9", size = 291783, upload-time = "2026-09-01T00:50:58.892Z" },
    { url = "https://files.pythonhosted.org/packages/96/12/3ee1542b6428a0955ac5a31562d87966a417c0e0a4c1e5c62ec822fe78de/regex-2026.9.3-cp313-cp313-manylinux2014_aarch64.manylinux_2_17_aarch64.manylinux_2_28_aarch64.whl", hash = "sha256:48e84252a16234ee860206a738f9a5084f830a5d0a1370a418d3af4e917f5e08", size = 796114, upload-time = "2026-09-01T00:51:00.5Z" },
    { url = "https://files.pythonhosted.org/packages/0a/24/5ad415b80958d79f2da66a1997743ea8c38a1e9e2f63660f7cbf9303eda4/regex-2026.9.3-cp313-cp313-manylinux2014_ppc64le.manylinux_2_17_ppc64le.manylinux_2_28_ppc64le.whl", hash = "sha256:3077ace9bf59f8513c8471a817a5af63699987dc024f535c1eac3447a4d70211", size = 865524, upload-time = "2026-09-01T00:51:02.25Z" },
    { url = "https://files.pythonhosted.org/packages/2b/8a/c298d469f5dd12b11d4e7b8c7714c808b9edace73118eaf753fc327c9429/regex-2026.9.3-cp313-cp313-manylinux2014_s390x.manylinux_2_17_s390x.manylinux_2_28_s390x.whl", hash = "sha256:635482cd183a1856da75a39c473a2e222697b7927f1955f586db83fc8a5da17c", size = 911948, upload-time = "2026-09-01T00:51:04.099Z" },
    { url = "https://files.pythonhosted.org/packages/3f/a6/e9a59b507cdf7a9735df4bab92b4ea9d2ca2e665c6de14c112db7e3c0926/regex-2026.9.3-cp313-cp313-manylinux2014_x86_64.manylinux_2_17_x86_64.manylinux_2_28_x86_64.whl", hash = "sha256:27f0809798071f56fb1bc536bb93714a95e8ed2ec0dfd869f095deebb30fd11a", size = 801945, upload-time = "2026-09-01T00:51:05.878Z" },
    { url = "https://files.pythonhosted.org/packages/56/1d/443e5541fd23d97c841ccddf90dbc9a964bd00e0ec9219b45a3eb0cde552/regex-2026.9.3-cp313-cp313-manylinux_2_31_riscv64.manylinux_2_39_riscv64.whl", hash = "sha256:d514026ca1c473cc14440e4d7bdf6721c642455b647a74c8143c0f22da358c28", size = 776223, upload-time = "2026-09-01T00:51:07.58Z" },
    { url = "https://files.pythonhosted.org/packages/7e/ae/78d48b14582f5733facaa2e001499b98707d8b8b1b31ab7559053c18f168/regex-2026.9.3-cp313-cp313-musllinux_1_2_aarch64.whl", hash = "sha256:b9190d4901d7786af9ab0ec46172e27cf7d72cdba2b82ee38eb40aadd3239a6e", size = 785072, upload-time = "2026-09-01T00:51:09.648Z" },
    { url = "https://files.pythonhosted.org/packages/55/42/2f4ac830de12d264c1486f749988003a7f5a0366d7557a75de2418461466/regex-2026.9.3-cp313-cp313-musllinux_1_2_ppc64le.whl", hash = "sha256:6c0f60b05cc708e6cdf68dbca86b7a36d99695962db0189bb1b3884ca3b28e90", size = 860644, upload-time = "2026-09-01T00:51:11.558Z" },
    { url = "https://files.pythonhosted.org/packages/47/50/6b44c6cf56f353744e6066a1310177b7b195afb11d33dff4d6cf3ec52720/regex-2026.9.3-cp313-cp313-musllinux_1_2_riscv64.whl", hash = "sha256:b7b7e6be82fd6d5256adabb82253c5c307de981cc20c0ce4cff0cbe6de88529b", size = 765862, upload-time = "2026-09-01T00:51:13.371Z" },
    { url = "https://files.pythonhosted.org/packages/64/0f/c5a8023dfc988cddd2c614b1afbe547aedab1ffebd5b5d9cd58f6ab28908/regex-2026.9.3-cp313-cp313-musllinux_1_2_s390x.whl", hash = "sha256:b5f85bffdfe17da7dfff78eb32b261c27f3cd64c060033645079493f4cebc8e9", size = 852081, upload-time = "2026-09-01T00:51:15.324Z" },
    { url = "https://files.pythonhosted.org/packages/8f/f4/ab0ba467ebcaecfddf72ea7b3527a6088863094377c1303a3379284ef621/regex-2026.9.3-cp313-cp313-musllinux_1_2_x86_64.whl", hash = "sha256:d10a442c6450ebd35aa89392b8e4b0459ba474df63fc5e6828573d0a31a627ec", size = 789774, upload-time = "2026-09-01T00:51:17.057Z" },
    { url = "https://files.pythonhosted.org/packages/4e/fa/8e2f3021ff5ee3aafc80eed8f16663be5e16c7b663d72e4bd2c9e71e1433/regex-2026.9.3-cp313-cp313-win32.whl", hash = "sha256:63fa79eab192623acb169de1dfe8e733598c4047d06f7712347d1bb810a5ad20", size = 267125, upload-time = "2026-09-01T00:51:18.837Z" },
    { url = "https://files.pythonhosted.org/packages/6d/25/6d20a309c2e4b554cc33579dd55b0bb50d0c2ace7ce6f084be2327c330fc/regex-2026.9.3-cp313-cp313-win_amd64.whl", hash = "sha256:185c1ae881856208dda05708b6c908aff76878e59c998c8548d365c1bbcaf1bd", size = 277741, upload-time = "2026-09-01T00:51:20.583Z" },
    { url = "https://files.pythonhosted.org/packages/cc/b3/0282ae58fc167953809a968850622f89955e0fd70a65df882e5d488138b0/regex-2026.9.3-cp313-cp313-win_arm64.whl", hash = "sha256:db6538d733047f9ce4b74ee29c77643a1f99e4ca36e273495da93fbeedd2f03f", size = 277123, upload-time = "2026-09-01T00:51:22.332Z" },
    { url = "https://files.pythonhosted.org/packages/c6/a0/322f050f77289a1acf99b5c400fe201780bdcfa8f8876fbe250ae3de37af/regex-2026.9.3-cp314-cp314-macosx_10_15_universal2.whl", hash = "sha256:99896cc18fb421be93e337d6bf2c1686ba330bc2d5c0ef581c842f0639a5e886", size = 496701, upload-time = "2026-09-01T00:51:24.146Z" },
    { url = "https://files.pythonhosted.org/packages/91/30/85df182aec58aaa34b02a3f0a99068bf34a7c9b3f9bd7ff06d58aa866e1d/regex-2026.9.3-cp314-cp314-macosx_10_15_x86_64.whl", hash = "sha256:0540de6e7917f89acaf9771bdcd6fa7e505c67416d3b283e52ad4ab25399c6d6", size = 297055, upload-time = "2026-09-01T00:51:25.812Z" },
    { url = "https://files.pythonhosted.org/packages/27/8f/64b8bbd0316baaede047dbdbf2bcc96f10a4eeddec2e9cbf289e855e636f/regex-2026.9.3-cp314-cp314-macosx_11_0_arm64.whl", hash = "sha256:647983d2609be6155c748249e770ab7e75e15e386cbf15469569f3eaf165bbb7", size = 292008, upload-time = "2026-09-01T00:51:27.415Z" },
    { url = "https://files.pythonhosted.org/packages/b8/87/224614ef16bc8336269a84b578fb0dbab1433b584aaefc5f0680cacf9227/regex-2026.9.3-cp314-cp314-manylinux2014_aarch64.manylinux_2_17_aarch64.manylinux_2_28_aarch64.whl", hash = "sha256:7bb75921a4885d30d9e881d7a595ce50407a8a82933e15451ad7e0d89d1a5944", size = 796341, upload-time = "2026-09-01T00:51:29.344Z" },
    { url = "https://files.pythonhosted.org/packages/4a/e1/10ad988d3b673db86353666c56cb32e1b6246ca1ab0c81018a58ebec889c/regex-2026.9.3-cp314-cp314-manylinux2014_ppc64le.manylinux_2_17_ppc64le.manylinux_2_28_ppc64le.whl", hash = "sha256:f93c60d8c522b4ecea35dd6c58cc42f251ecb12882a5d67d4bd8d12137fbd05b", size = 866311, upload-time = "2026-09-01T00:51:31.592Z" },
    { url = "https://files.pythonhosted.org/packages/08/16/8d597f97bb6215876512cd7b3c47179c0eb79d1820ab2ed8412d3ba5599a/regex-2026.9.3-cp314-cp314-manylinux2014_s390x.manylinux_2_17_s390x.manylinux_2_28_s390x.whl", hash = "sha256:9e61478a8a06e6456ff2e66b9ac18f7f28d76a75fa5fda0c5198a4de07b8dcb8", size = 911869, upload-time = "2026-09-01T00:51:33.926Z" },
    { url = "https://files.pythonhosted.org/packages/89/e3/f6bcb26472873b9308df329f507d9c6cb526e3f9aed847498f153f2b7539/regex-2026.9.3-cp314-cp314-manylinux2014_x86_64.manylinux_2_17_x86_64.manylinux_2_28_x86_64.whl", hash = "sha256:6f64c66b3b13758b4f8f56f17972cd0ce5d0033d19d7332ed32e2dbdbce94dec", size = 801375, upload-time = "2026-09-01T00:51:35.779Z" },
    { url = "https://files.pythonhosted.org/packages/bc/a5/38c7cd736bfd58b190412dbf5a81aae1c38456c538d5c4987f5980cbfa3d/regex-2026.9.3-cp314-cp314-manylinux_2_31_riscv64.manylinux_2_39_riscv64.whl", hash = "sha256:6b5dc780377e35be6b0cf6fec7fb4a45cadb1e834bc0ef2ce596cc015290ef69", size = 776522, upload-time = "2026-09-01T00:51:37.81Z" },
    { url = "https://files.pythonhosted.org/packages/a9/ac/8ecefa1c9b57b29fcbe963797435e69a3ba6a9773d802b3d4fca4c75ecf6/regex-2026.9.3-cp314-cp314-musllinux_1_2_aarch64.whl", hash = "sha256:f02091b425bbcc2d8481913855c744baa4dd73e334814337b201d837e9040ef7", size = 785727, upload-time = "2026-09-01T00:51:39.995Z" },
    { url = "https://files.pythonhosted.org/packages/5a/4c/af402c5aa95615ab66620d775de07ea09b0fea206cd79e3c8a5716d5fc96/regex-2026.9.3-cp314-cp314-musllinux_1_2_ppc64le.whl", hash = "sha256:ad2027883344e70ddddff02259411f80faf47d5e779eb0e39cb95ee546fa628c", size = 861375, upload-time = "2026-09-01T00:51:41.829Z" },
    { url = "https://files.pythonhosted.org/packages/dd/7b/b83dd26470fa4cc6d7beee9b3c52ff0e988ba636c1367a04d4b2829d8d95/regex-2026.9.3-cp314-cp314-musllinux_1_2_riscv64.whl", hash = "sha256:0edd12c8201222f58817689dc61fe44893f3f2f2aee530b211dfa92af84df9cc", size = 766221, upload-time = "2026-09-01T00:51:44.7Z" },
    { url = "https://files.pythonhosted.org/packages/94/5b/3b91b19d8fb11a353738cec56b19440bf181f3f9a0298d91140fb4061778/regex-2026.9.3-cp314-cp314-musllinux_1_2_s390x.whl", hash = "sha256:4a9cd8485a6729387c889c88c24d5eace39dc0c0c9ddb9003f9c81751f654b69", size = 851737, upload-time = "2026-09-01T00:51:46.708Z" },
    { url = "https://files.pythonhosted.org/packages/2e/be/ea0762fd8a12fa711f1a626283f6d79a3d8a81df4eaada4fbe82009e46f6/regex-2026.9.3-cp314-cp314-musllinux_1_2_x86_64.whl", hash = "sha256:994fa00a9b0d14c6e6926ff5ade98d4d83676a5eeab6f87718170e481396d380", size = 789455, upload-time = "2026-09-01T00:51:49.2Z" },
    { url = "https://files.pythonhosted.org/packages/d1/dd/b9af9d65de78831fb76cb8ef420db4094295b09f93f8abd17c867261c4fb/regex-2026.9.3-cp314-cp314-win32.whl", hash = "sha256:4f39485bb02dae23e14cdbad086ab0e468756775bc5c64bb69e7cb756ebc1dcd", size = 272528, upload-time = "2026-09-01T00:51:51.416Z" },
    { url = "https://files.pythonhosted.org/packages/d0/fe/ecb15616ae7aa4892299b9ca7c20ef0dd6e5c833643b7ed46e27ff5fcccd/regex-2026.9.3-cp314-cp314-win_amd64.whl", hash = "sha256:445623b1337e971ccc571d3642aeb3f2fec77e60b6ee193dd7688168471d1846", size = 280812, upload-time = "2026-09-01T00:51:53.211Z" },
    { url = "https://files.pythonhosted.org/packages/18/4f/60efc748152c82b967bd186c356dd1fc21c4f6c225b8026b52547ae60c9f/regex-2026.9.3-cp314-cp314-win_arm64.whl", hash = "sha256:9887e9455398a1517294dec14e23ed9a178c8dd909f2788e971b66623d3f7c16", size = 281095, upload-time = "2026-09-01T00:51:55.052Z" },
    { url = "https://files.pythonhosted.org/packages/d2/cc/aa269583e8986be9604ef5fb9e2164f33108f6220c896efff2dfb0d4e4c4/regex-2026.9.3-cp314-cp314t-macosx_10_15_universal2.whl", hash = "sha256:c1fa3f84cee5211a3e574ba76ac9596df8c8d16a855f31a25681d23eadcc6c16", size = 501014, upload-time = "2026-09-01T00:51:56.902Z" },
    { url = "https://files.pythonhosted.org/packages/22/51/bb8a3f3a47beccbf92c3bcda67c2c0336c13c2e10f9744306275f428ebc9/regex-2026.9.3-cp314-cp314t-macosx_10_15_x86_64.whl", hash = "sha256:d539a51be176e874ed66029b2df8cb8e1123a3e6420d52a690de6effded4f20d", size = 299376, upload-time = "2026-09-01T00:51:59.121Z" },
    { url = "https://files.pythonhosted.org/packages/48/ec/c646df2b62c1b1334e28581715ed776814c8ac80c0c9106175f0c61ce12a/regex-2026.9.3-cp314-cp314t-macosx_11_0_arm64.whl", hash = "sha256:5133884ec10c9d6bcf7fed4ceb98fb3a6acbb6c2ba1bab6c4b6700d6c39c7595", size = 294424, upload-time = "2026-09-01T00:52:01.113Z" },
    { url = "https://files.pythonhosted.org/packages/d2/18/3dd8c49cc4af440a9a1a0ebb2b4a939398398c81fb7fecbc3c7d534924a1/regex-2026.9.3-cp314-cp314t-manylinux2014_aarch64.manylinux_2_17_aarch64.manylinux_2_28_aarch64.whl", hash = "sha256:5fecba510f6b8f9cf1dfd103d785a61da47221cf09d4cec10946d1950daf1a17", size = 811421, upload-time = "2026-09-01T00:52:03.289Z" },
    { url = "https://files.pythonhosted.org/packages/71/32/c35f031aec040b9136189e3f403681e3168f1f9862e31d9df92ea599f2c1/regex-2026.9.3-cp314-cp314t-manylinux2014_ppc64le.manylinux_2_17_ppc64le.manylinux_2_28_ppc64le.whl", hash = "sha256:72df83ee0eb89b070e28d1260786d13485b98a8b80228c7439d303dd9aac9970", size = 870110, upload-time = "2026-09-01T00:52:05.746Z" },
    { url = "https://files.pythonhosted.org/packages/a7/7b/931d962f9fbca3326f282a01fa5bed4d6734dab5215d1c20bac0ab85df58/regex-2026.9.3-cp314-cp314t-manylinux2014_s390x.manylinux_2_17_s390x.manylinux_2_28_s390x.whl", hash = "sha256:610371fe95c7e8e824ad8762248836cabbb5a4ab8befb982cb7dc8df773075d3", size = 917489, upload-time = "2026-09-01T00:52:07.703Z" },
    { url = "https://files.pythonhosted.org/packages/46/1a/da0c28f2b1e65d46a24abc1dd33e0dc9ddbcfeeee7c5625103b3e09e548c/regex-2026.9.3-cp314-cp314t-manylinux2014_x86_64.manylinux_2_17_x86_64.manylinux_2_28_x86_64.whl", hash = "sha256:af06c9099df15ee44fda3fdfa002bfe37de02901c2b3a5ef350853861ef3b4b5", size = 817470, upload-time = "2026-09-01T00:52:09.686Z" },
    { url = "https://files.pythonhosted.org/packages/d4/a1/6a540ec40c3b8eeefec445362cf08bbb686b22d4088f97d3c1ea38323434/regex-2026.9.3-cp314-cp314t-manylinux_2_31_riscv64.manylinux_2_39_riscv64.whl", hash = "sha256:e27003c0a93a5aa541c260bd8ba8b917a2af4c378eb684daa9f1565f5e363181", size = 784742, upload-time = "2026-09-01T00:52:11.778Z" },
    { url = "https://files.pythonhosted.org/packages/fc/88/75500ca27ba85256eb46119ebd99ec10ead4c3ffacd47fe7dfe034662960/regex-2026.9.3-cp314-cp314t-musllinux_1_2_aarch64.whl", hash = "sha256:9ce34fc5a6f6c9b2ba4a8060009d989e4f55630e3f9c3bf5962f42dcc31355ef", size = 800609, upload-time = "2026-09-01T00:52:13.817Z" },
    { url = "https://files.pythonhosted.org/packages/67/33/18541aaad8b88977e2c3fbbb53c1a75f6f6c999800a82d2f7306581cb6b6/regex-2026.9.3-cp314-cp314t-musllinux_1_2_ppc64le.whl", hash = "sha256:2cbc83154c8b0201ada07bc5d6e37106df6325f2fda60d73228e2e8da7433cae", size = 864798, upload-time = "2026-09-01T00:52:16.137Z" },
    { url = "https://files.pythonhosted.org/packages/16/62/ffbfbeb5a3f2cca701afb9f8aebbfcbf37a4aae2f1584c96680142aab445/regex-2026.9.3-cp314-cp314t-musllinux_1_2_riscv64.whl", hash = "sha256:f568bdc17b7ebb3a323ee8920468d2ed74af84da911a00d9585ac887bac73b88", size = 772892, upload-time = "2026-09-01T00:52:18.567Z" },
    { url = "https://files.pythonhosted.org/packages/23/14/04e2db28f490b1fcc684428bd2de21e1ec46f7d8d421b7f2cc74d120affd/regex-2026.9.3-cp314-cp314t-musllinux_1_2_s390x.whl", hash = "sha256:ae9f7055e7357b2873866a3d77d0136a251ca2ae2dde3d8cdb819425d717c177", size = 858065, upload-time = "2026-09-01T00:52:20.674Z" },
    { url = "https://files.pythonhosted.org/packages/ac/14/c0cac930d1dc0b86c5d8ff10602f15df4fb15fa3f33e04a98be197f33618/regex-2026.9.3-cp314-cp314t-musllinux_1_2_x86_64.whl", hash = "sha256:d963442186918577ad83e3a8c5564eeeba90e2da233ce59f6eeccbb7b5cf771e", size = 804739, upload-time = "2026-09-01T00:52:22.866Z" },
    { url = "https://files.pythonhosted.org/packages/01/12/69e6f4d02e11a5cb45033abede6e04b0da3716b1b6c311d4609be14a01a7/regex-2026.9.3-cp314-cp314t-win32.whl", hash = "sha256:bda6af6fb4d5fe9532620e4f72d3c7efcdf7472ead9037b184c0a060f0e7c71f", size = 274514, upload-time = "2026-09-01T00:52:25.224Z" },
    { url = "https://files.pythonhosted.org/packages/28/64/064b78028b52c0c21b9c0b362b1bdcee7179f009891ddf959d9b6390b30c/regex-2026.9.3-cp314-cp314t-win_amd64.whl", hash = "sha256:2d25e41851e41539898116ac760fcc856e2c1047a843a336b19e2c8e4a43ad16", size = 283797, upload-time = "2026-09-01T00:52:27.358Z" },
    { url = "https://files.pythonhosted.org/packages/f2/46/fbb41eb6cc92403ba9f896dfd56a1d5d31549c4033dfb7418da7ecd5802a/regex-2026.9.3-cp314-cp314t-win_arm64.whl", hash = "sha256:356fc21b4c313decb3214a4306bb5bd0623dce4a8d03d0d5ada6fb0b6a5b93b5", size = 283444, upload-time = "2026-09-01T00:52:29.632Z" },
    { url = "https://files.pythonhosted.org/packages/1b/1a/825beb1c803d579d1119723235ede2211949a8d320bcc79e3f6e5dd6090f/regex-2026.9.3-cp315-cp315-macosx_10_15_universal2.whl", hash = "sha256:e337dceb936f333775cf51d49f6badb8cd3d2a6b27e8cb443a6c5861fbf3c1f9", size = 496929, upload-time = "2026-09-01T00:52:31.593Z" },
    { url = "https://files.pythonhosted.org/packages/ff/54/9b8255521680d54e1d157ed6532e3082998f47925d2ab3861550e0e89455/regex-2026.9.3-cp315-cp315-macosx_10_15_x86_64.whl", hash = "sha256:bb2d4ad7f9bac398a7a19f07bd09fd5b2c1e4eeab316065aa84a305f62fc5361", size = 297050, upload-time = "2026-09-01T00:52:33.459Z" },
    { url = "https://files.pythonhosted.org/packages/5c/8b/0e4df28fd94304050efc2373dff1803e5d62056cf744a694eaa376df2fe8/regex-2026.9.3-cp315-cp315-macosx_11_0_arm64.whl", hash = "sha256:01bdce6a372efd5ae3d8560cedbc691be259a50206564bbaf04008b2937721ab", size = 292296, upload-time = "2026-09-01T00:52:35.309Z" },
    { url = "https://files.pythonhosted.org/packages/97/a0/689a8403f309a7a3f3f3e74b3e81b144602481d122c9e4070a601367f8e0/regex-2026.9.3-cp315-cp315-manylinux2014_aarch64.manylinux_2_17_aarch64.manylinux_2_28_aarch64.whl", hash = "sha256:55493b5b6cb6c4ec9a3c310d4ef947dbd34326ee4eecd4249e18e00d84f14be5", size = 798376, upload-time = "2026-09-01T00:52:37.235Z" },
    { url = "https://files.pythonhosted.org/packages/ad/a9/3d22278a38bb8adb254d345e60935316222091caf00a4233aaef388d636e/regex-2026.9.3-cp315-cp315-manylinux2014_ppc64le.manylinux_2_17_ppc64le.manylinux_2_28_ppc64le.whl", hash = "sha256:690ab9d06cd689b79aab84afa0984a1bc85ea4b93b0a42b015f3ff5e2f5b08be", size = 866607, upload-time = "2026-09-01T00:52:39.461Z" },
    { url = "https://files.pythonhosted.org/packages/69/ef/ecf8c5fdcec73ac0526fbd074be3bd1059b11cbda739ac0ab9001f311aed/regex-2026.9.3-cp315-cp315-manylinux2014_s390x.manylinux_2_17_s390x.manylinux_2_28_s390x.whl", hash = "sha256:24b4bbb65ff2c4e8c552c93c342bf5ffa0ad162d963d96bac7c1883c20e1b34e", size = 912160, upload-time = "2026-09-01T00:52:41.603Z" },
    { url = "https://files.pythonhosted.org/packages/68/e8/c07c3d2b44c9154672a33911cfcfba626c78d939d7e31103864d81ad319a/regex-2026.9.3-cp315-cp315-manylinux2014_x86_64.manylinux_2_17_x86_64.manylinux_2_28_x86_64.whl", hash = "sha256:fbaf76379bf2a72e534bbb1276d45e63a80d8cade17953ed79a350d6426262fb", size = 804589, upload-time = "2026-09-01T00:52:43.658Z" },
    { url = "https://files.pythonhosted.org/packages/91/16/d42957c78b5934efd03ca5713d99952cbe71e2d0b3b24d9e78256f208587/regex-2026.9.3-cp315-cp315-manylinux_2_31_riscv64.manylinux_2_39_riscv64.whl", hash = "sha256:57f405fcb82e2b78df88f04f8aa49ce513ce23bfea073b581597bd52545e9b3f", size = 784446, upload-time = "2026-09-01T00:52:45.866Z" },
    { url = "https://files.pythonhosted.org/packages/00/1e/4252dff33a1a5afb3271fb3859e992d34c47c040ecfc27bbfe6a7eaf99a8/regex-2026.9.3-cp315-cp315-musllinux_1_2_aarch64.whl", hash = "sha256:a87ab35e92d40b53c5373af36625794e422f83ec56122f0a63871892856d721c", size = 787996, upload-time = "2026-09-01T00:52:48.345Z" },
    { url = "https://files.pythonhosted.org/packages/ee/19/90d31048bb402fd746a95922d7dfdb9de9f902c39c8d838f2fef05c9c92c/regex-2026.9.3-cp315-cp315-musllinux_1_2_ppc64le.whl", hash = "sha256:14bf4a88833c12a990dbf5cca77eb293401d60878be7d566a2d5096fb0216c27", size = 861752, upload-time = "2026-09-01T00:52:50.597Z" },
    { url = "https://files.pythonhosted.org/packages/88/77/42ad133550cbd64d8fb33ec5ff55e1f524b06c6328e9f3bf9c3e8652b525/regex-2026.9.3-cp315-cp315-musllinux_1_2_riscv64.whl", hash = "sha256:862c29f7e7927e71391df6700079b1dd7c2aeb75115dc46e37004a092f8f16b7", size = 773488, upload-time = "2026-09-01T00:52:53.142Z" },
    { url = "https://files.pythonhosted.org/packages/78/8f/0c90e8fa607c36a65c360f6b02980aa7aa5885afa3d737daba4229bef086/regex-2026.9.3-cp315-cp315-musllinux_1_2_s390x.whl", hash = "sha256:61a9da95a836e7d300945891265bbeb6510a860863f6b01ed6397e6239a31253", size = 852603, upload-time = "2026-09-01T00:52:55.471Z" },
    { url = "https://files.pythonhosted.org/packages/4e/bc/e1be309afb6be94916d8f4f000dbc66040fc0da2008b3f714dc4893259fd/regex-2026.9.3-cp315-cp315-musllinux_1_2_x86_64.whl", hash = "sha256:e7663a6803a47255c32cc7e17ae3ccfe02dba5b0849f87729651c0263a129d20", size = 794635, upload-time = "2026-09-01T00:52:57.611Z" },
    { url = "https://files.pythonhosted.org/packages/0e/f7/15f6d0ea137316531c992e7468a4c6f6e39159a6780c2c16ec3ab56f2149/regex-2026.9.3-cp315-cp315-win32.whl", hash = "sha256:0ee4721472e00e96b3cceec545c9867f91815f628f6ea304ae6cea93a7e4e7ae", size = 272530, upload-time = "2026-09-01T00:52:59.644Z" },
    { url = "https://files.pythonhosted.org/packages/ba/8e/739168818790278dd4f1ba60c582fed41323508d7a8e850323851de1aa1f/regex-2026.9.3-cp315-cp315-win_amd64.whl", hash = "sha256:cc5d0f82cf05beb6c0d463398173a09357ed4f4a631f7641cef6f6480a05bc57", size = 280822, upload-time = "2026-09-01T00:53:02.57Z" },
    { url = "https://files.pythonhosted.org/packages/12/6a/55f5f6e92a8c7d6511e069d3e8a4b45e3506941c1a97dddf5a329b132be4/regex-2026.9.3-cp315-cp315-win_arm64.whl", hash = "sha256:6f198b622a3ccf02eeab00de71f6b2f45b1b50b1979aa56b25178c963e475950", size = 281102, upload-time = "2026-09-01T00:53:04.62Z" },
    { url = "https://files.pythonhosted.org/packages/ff/6a/adaf9ed10ffdef60684bf8757c257400500342503f1ce5c7cffcdb2e8aaf/regex-2026.9.3-cp315-cp315t-macosx_10_15_universal2.whl", hash = "sha256:294ef8fb58a45f912513692380f366ca191940de5b3b3de5308ce2e8500d8ea4", size = 501333, upload-time = "2026-09-01T00:53:06.681Z" },
    { url = "https://files.pythonhosted.org/packages/64/dd/2cbc3b253a88fdb0c8ca641367dc2f280541fdf1722f201fc0be62797577/regex-2026.9.3-cp315-cp315t-macosx_10_15_x86_64.whl", hash = "sha256:edfd2b0cad175780f8668fd6f66486354b8770e4057e44038daaa4a066f8ddff", size = 299273, upload-time = "2026-09-01T00:53:09.002Z" },
    { url = "https://files.pythonhosted.org/packages/2a/29/4818d31ec2555309b3935d3cd006a7f6076e11bb21eec9e72afee3db87b1/regex-2026.9.3-cp315-cp315t-macosx_11_0_arm64.whl", hash = "sha256:cda393bb35828e3993fcaf39c8ede78b16614954eb15fe77336d5d141be40f76", size = 294888, upload-time = "2026-09-01T00:53:11.009Z" },
    { url = "https://files.pythonhosted.org/packages/94/37/8970a4102a067e0a28e40a232bf536752c373da8a4f932755679f77fa9ac/regex-2026.9.3-cp315-cp315t-manylinux2014_aarch64.manylinux_2_17_aarch64.manylinux_2_28_aarch64.whl", hash = "sha256:cce8e5243d95068f595155663e3e18b1938b16cf716dce6cf2491ebc08b98d96", size = 813072, upload-time = "2026-09-01T00:53:13.566Z" },
    { url = "https://files.pythonhosted.org/packages/90/1c/2e52f5e9e92b79e324c9807e977fa6f9ab210b41ab5b7356307d5ffb2f4c/regex-2026.9.3-cp315-cp315t-manylinux2014_ppc64le.manylinux_2_17_ppc64le.manylinux_2_28_ppc64le.whl", hash = "sha256:2a1269856278ae8bc78342bf20191c1f10638d2c22df72364d2fa02d70d49f35", size = 869947, upload-time = "2026-09-01T00:53:15.773Z" },
    { url = "https://files.pythonhosted.org/packages/f6/42/c676e3f2dcb47ec941fa678019044cbac51db9441e09cec47392e4986013/regex-2026.9.3-cp315-cp315t-manylinux2014_s390x.manylinux_2_17_s390x.manylinux_2_28_s390x.whl", hash = "sha256:4ac52b95a938789fcfcfbf6faf647b45d7be940f0c51f06991c1353db54c67aa", size = 915678, upload-time = "2026-09-01T00:53:18.384Z" },
    { url = "https://files.pythonhosted.org/packages/01/6a/73c971bcaf1d24e73aa3c8e0f767caccfdc9fcda021e59f28f6dcd12728b/regex-2026.9.3-cp315-cp315t-manylinux2014_x86_64.manylinux_2_17_x86_64.manylinux_2_28_x86_64.whl", hash = "sha256:490a81770599b17b8594227674872dfb215af05f2be0065a32a7c70175fd9e23", size = 817714, upload-time = "2026-09-01T00:53:20.723Z" },
    { url = "https://files.pythonhosted.org/packages/b2/7c/0e9bffb6cfa8a00e765eaea0d1e6d207bb98e620d5658c537c8d87df671c/regex-2026.9.3-cp315-cp315t-manylinux_2_31_riscv64.manylinux_2_39_riscv64.whl", hash = "sha256:f584dd93ef6ddb10ba028e247fe1fc0ba52ed70ca4d596bb8d52bf4304c147ec", size = 792411, upload-time = "2026-09-01T00:53:22.925Z" },
    { url = "https://files.pythonhosted.org/packages/61/d4/b1d226e8a3d0c8aac577a517384ffaea7b9ff98b194ddbd0bef58b9d8738/regex-2026.9.3-cp315-cp315t-musllinux_1_2_aarch64.whl", hash = "sha256:c07eaf30bc072b179acc8ac50519a2a81f03f88a220750c6d83dadbdc33fb1de", size = 802521, upload-time = "2026-09-01T00:53:25.281Z" },
    { url = "https://files.pythonhosted.org/packages/c6/ad/dc47f94a4ace898561dfafeed6052dd3551915f36aa1971f4387d6daf0d4/regex-2026.9.3-cp315-cp315t-musllinux_1_2_ppc64le.whl", hash = "sha256:9e1c602c55dc8ec05cc7e0a8e31f3ad3d4644dbcb7ac39114105c9bd0384371f", size = 865266, upload-time = "2026-09-01T00:53:27.667Z" },
    { url = "https://files.pythonhosted.org/packages/41/7b/743565fc25cb36981186b4e9b42b3d093a7226cca328380cfd223c1b5a03/regex-2026.9.3-cp315-cp315t-musllinux_1_2_riscv64.whl", hash = "sha256:2ef9a284ec658d48ec57edfba0944d1582532601472f695b799ba08d37fd6544", size = 780298, upload-time = "2026-09-01T00:53:30.017Z" },
    { url = "https://files.pythonhosted.org/packages/c6/ad/d62e48324632eb0bae2c336da5810b51a14a9e23ba964f2828cc1ac23011/regex-2026.9.3-cp315-cp315t-musllinux_1_2_s390x.whl", hash = "sha256:c90f34f1b1905d7d6c42b25b6ffb4e5066e6c95c7715169e3332b1760614d092", size = 858045, upload-time = "2026-09-01T00:53:32.397Z" },
    { url = "https://files.pythonhosted.org/packages/2e/41/8eff42a2516494bb6b36d33b15bcd861764dcc836ad7c0b746e46c513af9/regex-2026.9.3-cp315-cp315t-musllinux_1_2_x86_64.whl", hash = "sha256:307dbd844f678de48ea74cdc909b007729c50e6be7f182bdf6a1df6732374c69", size = 805406, upload-time = "2026-09-01T00:53:34.601Z" },
    { url = "https://files.pythonhosted.org/packages/f6/1d/98198fd6dc185a172f5de48b8a4c7ca03c0d4285b1c1c32300672e7cf85a/regex-2026.9.3-cp315-cp315t-win32.whl", hash = "sha256:ce6505846d29f860966e0e9cfadaad1041a7d8ce7dc4af39940fcb1877dec29a", size = 274674, upload-time = "2026-09-01T00:53:36.77Z" },
    { url = "https://files.pythonhosted.org/packages/d2/82/dc0e76842ccddc8756471adff38c140d130c6b601b9ae5724274f1881e7a/regex-2026.9.3-cp315-cp315t-win_amd64.whl", hash = "sha256:2c71da070224baf426850d9eab23ac797d9859b1841dbda43012c01b69697803", size = 283692, upload-time = "2026-09-01T00:53:38.951Z" },
    { url = "https://files.pythonhosted.org/packages/da/3d/e0677f590f3473a3defb63ef6e3469154382a2a15ebafb364482d7ed3b01/regex-2026.9.3-cp315-cp315t-win_arm64.whl", hash = "sha256:ecc27adda0d1e1bc39793b41fdd562d2f4bc4dcee6ee0e3c733d519c332183b2", size = 283421, upload-time = "2026-09-01T00:53:41.393Z" },
]

[[package]]
name = "spelling-corrector"
version = "0.1.0"
source = { virtual = "." }
dependencies = [
    { name = "nltk" },
]

[package.metadata]
requires-dist = [{ name = "nltk", specifier = ">=3.8" }]

[[package]]
name = "tqdm"
version = "4.70.0"
source = { registry = "https://pypi.org/simple" }
dependencies = [
    { name = "colorama", marker = "sys_platform == 'win32'" },
]
sdist = { url = "https://files.pythonhosted.org/packages/21/3b/6c24bec5be5e743ffd99576daa5cc077722fc7d5bbc00bd133fa0c698dc6/tqdm-4.70.0.tar.gz", hash = "sha256:55b0b0dbd97462d06ebee91e4dac24ed4d4702be82b24f07e6c1d27e08cea220", size = 795438, upload-time = "2026-07-27T11:33:15.271Z" }
wheels = [
    { url = "https://files.pythonhosted.org/packages/f9/1c/01bfd571a64e7f270e6bab5e33777debe0edc56759233ce84f27dec92d14/tqdm-4.70.0-py3-none-any.whl", hash = "sha256:7f585706bfddbdebf89daac705b2dfcc16890130727d3197ca62c732b4310953", size = 80184, upload-time = "2026-07-27T11:33:13.167Z" },
]
